Microsoft Visual Studio Solution File, Format Version 8.00
Project("{F184B08F-C81C-45F6-A57F-5ABD9991F28F}") = "Cooperativa", "Cooperativa.vbproj", "{51660C2B-7544-42E5-A9E5-434DD86DDBCE}"
	ProjectSection(ProjectDependencies) = postProject
	EndProjectSection
EndProject
Global
	GlobalSection(SolutionConfiguration) = preSolution
		Debug = Debug
		Release = Release
	EndGlobalSection
	GlobalSection(ProjectConfiguration) = postSolution
		{51660C2B-7544-42E5-A9E5-434DD86DDBCE}.Debug.ActiveCfg = Debug|.NET
		{51660C2B-7544-42E5-A9E5-434DD86DDBCE}.Debug.Build.0 = Debug|.NET
		{51660C2B-7544-42E5-A9E5-434DD86DDBCE}.Release.ActiveCfg = Release|.NET
		{51660C2B-7544-42E5-A9E5-434DD86DDBCE}.Release.Build.0 = Release|.NET
	EndGlobalSection
	GlobalSection(ExtensibilityGlobals) = postSolution
	EndGlobalSection
	GlobalSection(ExtensibilityAddIns) = postSolution
	EndGlobalSection
EndGlobal
